// !$*UTF8*$!
{
	archiveVersion = 1;
	classes = {
	};
	objectVersion = 51;
	objects = {

/* Begin PBXBuildFile section */
		388FFA2B259641B900E3E644 /* AppDelegate.swift in Sources */ = {isa = PBXBuildFile; fileRef = 388FFA2A259641B900E3E644 /* AppDelegate.swift */; };
		388FFA2D259641B900E3E644 /* SceneDelegate.swift in Sources */ = {isa = PBXBuildFile; fileRef = 388FFA2C259641B900E3E644 /* SceneDelegate.swift */; };
		388FFA2F259641B900E3E644 /* ViewController.swift in Sources */ = {isa = PBXBuildFile; fileRef = 388FFA2E259641B900E3E644 /* ViewController.swift */; };
		388FFA32259641B900E3E644 /* Main.storyboard in Resources */ = {isa = PBXBuildFile; fileRef = 388FFA30259641B900E3E644 /* Main.storyboard */; };
		388FFA34259641C300E3E644 /* Assets.xcassets in Resources */ = {isa = PBXBuildFile; fileRef = 388FFA33259641C300E3E644 /* Assets.xcassets */; };
		388FFA37259641C300E3E644 /* LaunchScreen.storyboard in Resources */ = {isa = PBXBuildFile; fileRef = 388FFA35259641C300E3E644 /* LaunchScreen.storyboard */; };
		388FFA42259641C400E3E644 /* GeofenceSetelTests.swift in Sources */ = {isa = PBXBuildFile; fileRef = 388FFA41259641C400E3E644 /* GeofenceSetelTests.swift */; };
		388FFA4D259641C400E3E644 /* GeofenceSetelUITests.swift in Sources */ = {isa = PBXBuildFile; fileRef = 388FFA4C259641C400E3E644 /* GeofenceSetelUITests.swift */; };
		388FFA9A259874E900E3E644 /* LocationManager.swift in Sources */ = {isa = PBXBuildFile; fileRef = 388FFA99259874E900E3E644 /* LocationManager.swift */; };
		966B96435769C3E0AF78ADDA /* Pods_GeofenceSetel.framework in Frameworks */ = {isa = PBXBuildFile; fileRef = 4DAF89D63F18473E58A8E8C1 /* Pods_GeofenceSetel.framework */; };
		9FB4A2E62BE28F45E078B5CA /* Pods_GeofenceSetelTests.framework in Frameworks */ = {isa = PBXBuildFile; fileRef = 8EC851489D21B66939A3B053 /* Pods_GeofenceSetelTests.framework */; };
		E33C7F54F591AAA4FBB52F87 /* Pods_GeofenceSetel_GeofenceSetelUITests.framework in Frameworks */ = {isa = PBXBuildFile; fileRef = B207383209F7E8800C683373 /* Pods_GeofenceSetel_GeofenceSetelUITests.framework */; };
/* End PBXBuildFile section */

/* Begin PBXContainerItemProxy section */
		388FFA3E259641C400E3E644 /* PBXContainerItemProxy */ = {
			isa = PBXContainerItemProxy;
			containerPortal = 388FFA1F259641B900E3E644 /* Project object */;
			proxyType = 1;
			remoteGlobalIDString = 388FFA26259641B900E3E644;
			remoteInfo = GeofenceSetel;
		};
		388FFA49259641C400E3E644 /* PBXContainerItemProxy */ = {
			isa = PBXContainerItemProxy;
			containerPortal = 388FFA1F259641B900E3E644 /* Project object */;
			proxyType = 1;
			remoteGlobalIDString = 388FFA26259641B900E3E644;
			remoteInfo = GeofenceSetel;
		};
/* End PBXContainerItemProxy section */

/* Begin PBXFileReference section */
		23E7FFA6CE64FE0F705159EB /* Pods-GeofenceSetelTests.debug.xcconfig */ = {isa = PBXFileReference; includeInIndex = 1; lastKnownFileType = text.xcconfig; name = "Pods-GeofenceSetelTests.debug.xcconfig"; path = "Target Support Files/Pods-GeofenceSetelTests/Pods-GeofenceSetelTests.debug.xcconfig"; sourceTree = "<group>"; };
		388FFA27259641B900E3E644 /* GeofenceSetel.app */ = {isa = PBXFileReference; explicitFileType = wrapper.application; includeInIndex = 0; path = GeofenceSetel.app; sourceTree = BUILT_PRODUCTS_DIR; };
		388FFA2A259641B900E3E644 /* AppDelegate.swift */ = {isa = PBXFileReference; lastKnownFileType = sourcecode.swift; path = AppDelegate.swift; sourceTree = "<group>"; };
		388FFA2C259641B900E3E644 /* SceneDelegate.swift */ = {isa = PBXFileReference; lastKnownFileType = sourcecode.swift; path = SceneDelegate.swift; sourceTree = "<group>"; };
		388FFA2E259641B900E3E644 /* ViewController.swift */ = {isa = PBXFileReference; lastKnownFileType = sourcecode.swift; path = ViewController.swift; sourceTree = "<group>"; };
		388FFA31259641B900E3E644 /* Base */ = {isa = PBXFileReference; lastKnownFileType = file.storyboard; name = Base; path = Base.lproj/Main.storyboard; sourceTree = "<group>"; };
		388FFA33259641C300E3E644 /* Assets.xcassets */ = {isa = PBXFileReference; lastKnownFileType = folder.assetcatalog; path = Assets.xcassets; sourceTree = "<group>"; };
		388FFA36259641C300E3E644 /* Base */ = {isa = PBXFileReference; lastKnownFileType = file.storyboard; name = Base; path = Base.lproj/LaunchScreen.storyboard; sourceTree = "<group>"; };
		388FFA38259641C300E3E644 /* Info.plist */ = {isa = PBXFileReference; lastKnownFileType = text.plist.xml; path = Info.plist; sourceTree = "<group>"; };
		388FFA3D259641C400E3E644 /* GeofenceSetelTests.xctest */ = {isa = PBXFileReference; explicitFileType = wrapper.cfbundle; includeInIndex = 0; path = GeofenceSetelTests.xctest; sourceTree = BUILT_PRODUCTS_DIR; };
		388FFA41259641C400E3E644 /* GeofenceSetelTests.swift */ = {isa = PBXFileReference; lastKnownFileType = sourcecode.swift; path = GeofenceSetelTests.swift; sourceTree = "<group>"; };
		388FFA43259641C400E3E644 /* Info.plist */ = {isa = PBXFileReference; lastKnownFileType = text.plist.xml; path = Info.plist; sourceTree = "<group>"; };
		388FFA48259641C400E3E644 /* GeofenceSetelUITests.xctest */ = {isa = PBXFileReference; explicitFileType = wrapper.cfbundle; includeInIndex = 0; path = GeofenceSetelUITests.xctest; sourceTree = BUILT_PRODUCTS_DIR; };
		388FFA4C259641C400E3E644 /* GeofenceSetelUITests.swift */ = {isa = PBXFileReference; lastKnownFileType = sourcecode.swift; path = GeofenceSetelUITests.swift; sourceTree = "<group>"; };
		388FFA4E259641C400E3E644 /* Info.plist */ = {isa = PBXFileReference; lastKnownFileType = text.plist.xml; path = Info.plist; sourceTree = "<group>"; };
		388FFA99259874E900E3E644 /* LocationManager.swift */ = {isa = PBXFileReference; lastKnownFileType = sourcecode.swift; path = LocationManager.swift; sourceTree = "<group>"; };
		38F99C5B33B48178B26DDE3C /* Pods-GeofenceSetel-GeofenceSetelUITests.debug.xcconfig */ = {isa = PBXFileReference; includeInIndex = 1; lastKnownFileType = text.xcconfig; name = "Pods-GeofenceSetel-GeofenceSetelUITests.debug.xcconfig"; path = "Target Support Files/Pods-GeofenceSetel-GeofenceSetelUITests/Pods-GeofenceSetel-GeofenceSetelUITests.debug.xcconfig"; sourceTree = "<group>"; };
		47F3B9BEFFC91AC4B53C097B /* Pods-GeofenceSetel-GeofenceSetelUITests.release.xcconfig */ = {isa = PBXFileReference; includeInIndex = 1; lastKnownFileType = text.xcconfig; name = "Pods-GeofenceSetel-GeofenceSetelUITests.release.xcconfig"; path = "Target Support Files/Pods-GeofenceSetel-GeofenceSetelUITests/Pods-GeofenceSetel-GeofenceSetelUITests.release.xcconfig"; sourceTree = "<group>"; };
		4DAF89D63F18473E58A8E8C1 /* Pods_GeofenceSetel.framework */ = {isa = PBXFileReference; explicitFileType = wrapper.framework; includeInIndex = 0; path = Pods_GeofenceSetel.framework; sourceTree = BUILT_PRODUCTS_DIR; };
		8EC851489D21B66939A3B053 /* Pods_GeofenceSetelTests.framework */ = {isa = PBXFileReference; explicitFileType = wrapper.framework; includeInIndex = 0; path = Pods_GeofenceSetelTests.framework; sourceTree = BUILT_PRODUCTS_DIR; };
		B207383209F7E8800C683373 /* Pods_GeofenceSetel_GeofenceSetelUITests.framework */ = {isa = PBXFileReference; explicitFileType = wrapper.framework; includeInIndex = 0; path = Pods_GeofenceSetel_GeofenceSetelUITests.framework; sourceTree = BUILT_PRODUCTS_DIR; };
		B79872BFE1B3B3974645B06C /* Pods-GeofenceSetel.debug.xcconfig */ = {isa = PBXFileReference; includeInIndex = 1; lastKnownFileType = text.xcconfig; name = "Pods-GeofenceSetel.debug.xcconfig"; path = "Target Support Files/Pods-GeofenceSetel/Pods-GeofenceSetel.debug.xcconfig"; sourceTree = "<group>"; };
		C512A258C3EE8F3762AD0B4D /* Pods-GeofenceSetel.release.xcconfig */ = {isa = PBXFileReference; includeInIndex = 1; lastKnownFileType = text.xcconfig; name = "Pods-GeofenceSetel.release.xcconfig"; path = "Target Support Files/Pods-GeofenceSetel/Pods-GeofenceSetel.release.xcconfig"; sourceTree = "<group>"; };
		DD33348091D0E82FB10A0032 /* Pods-GeofenceSetelTests.release.xcconfig */ = {isa = PBXFileReference; includeInIndex = 1; lastKnownFileType = text.xcconfig; name = "Pods-GeofenceSetelTests.release.xcconfig"; path = "Target Support Files/Pods-GeofenceSetelTests/Pods-GeofenceSetelTests.release.xcconfig"; sourceTree = "<group>"; };
/* End PBXFileReference section */

/* Begin PBXFrameworksBuildPhase section */
		388FFA24259641B900E3E644 /* Frameworks */ = {
			isa = PBXFrameworksBuildPhase;
			buildActionMask = 2147483647;
			files = (
				966B96435769C3E0AF78ADDA /* Pods_GeofenceSetel.framework in Frameworks */,
			);
			runOnlyForDeploymentPostprocessing = 0;
		};
		388FFA3A259641C400E3E644 /* Frameworks */ = {
			isa = PBXFrameworksBuildPhase;
			buildActionMask = 2147483647;
			files = (
				9FB4A2E62BE28F45E078B5CA /* Pods_GeofenceSetelTests.framework in Frameworks */,
			);
			runOnlyForDeploymentPostprocessing = 0;
		};
		388FFA45259641C400E3E644 /* Frameworks */ = {
			isa = PBXFrameworksBuildPhase;
			buildActionMask = 2147483647;
			files = (
				E33C7F54F591AAA4FBB52F87 /* Pods_GeofenceSetel_GeofenceSetelUITests.framework in Frameworks */,
			);
			runOnlyForDeploymentPostprocessing = 0;
		};
/* End PBXFrameworksBuildPhase section */

/* Begin PBXGroup section */
		388FFA1E259641B900E3E644 = {
			isa = PBXGroup;
			children = (
				388FFA29259641B900E3E644 /* GeofenceSetel */,
				388FFA40259641C400E3E644 /* GeofenceSetelTests */,
				388FFA4B259641C400E3E644 /* GeofenceSetelUITests */,
				388FFA28259641B900E3E644 /* Products */,
				E79B5D2A5A0685DCBDBACA95 /* Pods */,
				A1218973EA85C1AC45077F0F /* Frameworks */,
			);
			sourceTree = "<group>";
		};
		388FFA28259641B900E3E644 /* Products */ = {
			isa = PBXGroup;
			children = (
				388FFA27259641B900E3E644 /* GeofenceSetel.app */,
				388FFA3D259641C400E3E644 /* GeofenceSetelTests.xctest */,
				388FFA48259641C400E3E644 /* GeofenceSetelUITests.xctest */,
			);
			name = Products;
			sourceTree = "<group>";
		};
		388FFA29259641B900E3E644 /* GeofenceSetel */ = {
			isa = PBXGroup;
			children = (
				388FFA98259874D900E3E644 /* Manager */,
				388FFA2A259641B900E3E644 /* AppDelegate.swift */,
				388FFA2C259641B900E3E644 /* SceneDelegate.swift */,
				388FFA2E259641B900E3E644 /* ViewController.swift */,
				388FFA30259641B900E3E644 /* Main.storyboard */,
				388FFA33259641C300E3E644 /* Assets.xcassets */,
				388FFA35259641C300E3E644 /* LaunchScreen.storyboard */,
				388FFA38259641C300E3E644 /* Info.plist */,
			);
			path = GeofenceSetel;
			sourceTree = "<group>";
		};
		388FFA40259641C400E3E644 /* GeofenceSetelTests */ = {
			isa = PBXGroup;
			children = (
				388FFA41259641C400E3E644 /* GeofenceSetelTests.swift */,
				388FFA43259641C400E3E644 /* Info.plist */,
			);
			path = GeofenceSetelTests;
			sourceTree = "<group>";
		};
		388FFA4B259641C400E3E644 /* GeofenceSetelUITests */ = {
			isa = PBXGroup;
			children = (
				388FFA4C259641C400E3E644 /* GeofenceSetelUITests.swift */,
				388FFA4E259641C400E3E644 /* Info.plist */,
			);
			path = GeofenceSetelUITests;
			sourceTree = "<group>";
		};
		388FFA98259874D900E3E644 /* Manager */ = {
			isa = PBXGroup;
			children = (
				388FFA99259874E900E3E644 /* LocationManager.swift */,
			);
			path = Manager;
			sourceTree = "<group>";
		};
		A1218973EA85C1AC45077F0F /* Frameworks */ = {
			isa = PBXGroup;
			children = (
				4DAF89D63F18473E58A8E8C1 /* Pods_GeofenceSetel.framework */,
				B207383209F7E8800C683373 /* Pods_GeofenceSetel_GeofenceSetelUITests.framework */,
				8EC851489D21B66939A3B053 /* Pods_GeofenceSetelTests.framework */,
			);
			name = Frameworks;
			sourceTree = "<group>";
		};
		E79B5D2A5A0685DCBDBACA95 /* Pods */ = {
			isa = PBXGroup;
			children = (
				B79872BFE1B3B3974645B06C /* Pods-GeofenceSetel.debug.xcconfig */,
				C512A258C3EE8F3762AD0B4D /* Pods-GeofenceSetel.release.xcconfig */,
				38F99C5B33B48178B26DDE3C /* Pods-GeofenceSetel-GeofenceSetelUITests.debug.xcconfig */,
				47F3B9BEFFC91AC4B53C097B /* Pods-GeofenceSetel-GeofenceSetelUITests.release.xcconfig */,
				23E7FFA6CE64FE0F705159EB /* Pods-GeofenceSetelTests.debug.xcconfig */,
				DD33348091D0E82FB10A0032 /* Pods-GeofenceSetelTests.release.xcconfig */,
			);
			path = Pods;
			sourceTree = "<group>";
		};
/* End PBXGroup section */

/* Begin PBXNativeTarget section */
		388FFA26259641B900E3E644 /* GeofenceSetel */ = {
			isa = PBXNativeTarget;
			buildConfigurationList = 388FFA51259641C400E3E644 /* Build configuration list for PBXNativeTarget "GeofenceSetel" */;
			buildPhases = (
				03E933769C651A1927428E48 /* [CP] Check Pods Manifest.lock */,
				388FFA23259641B900E3E644 /* Sources */,
				388FFA24259641B900E3E644 /* Frameworks */,
				388FFA25259641B900E3E644 /* Resources */,
				B76CCB12F9FF6C315B2F2F9F /* [CP] Copy Pods Resources */,
			);
			buildRules = (
			);
			dependencies = (
			);
			name = GeofenceSetel;
			productName = GeofenceSetel;
			productReference = 388FFA27259641B900E3E644 /* GeofenceSetel.app */;
			productType = "com.apple.product-type.application";
		};
		388FFA3C259641C400E3E644 /* GeofenceSetelTests */ = {
			isa = PBXNativeTarget;
			buildConfigurationList = 388FFA54259641C400E3E644 /* Build configuration list for PBXNativeTarget "GeofenceSetelTests" */;
			buildPhases = (
				6C120DB94C74857B3A0EFA3E /* [CP] Check Pods Manifest.lock */,
				388FFA39259641C400E3E644 /* Sources */,
				388FFA3A259641C400E3E644 /* Frameworks */,
				388FFA3B259641C400E3E644 /* Resources */,
			);
			buildRules = (
			);
			dependencies = (
				388FFA3F259641C400E3E644 /* PBXTargetDependency */,
			);
			name = GeofenceSetelTests;
			productName = GeofenceSetelTests;
			productReference = 388FFA3D259641C400E3E644 /* GeofenceSetelTests.xctest */;
			productType = "com.apple.product-type.bundle.unit-test";
		};
		388FFA47259641C400E3E644 /* GeofenceSetelUITests */ = {
			isa = PBXNativeTarget;
			buildConfigurationList = 388FFA57259641C400E3E644 /* Build configuration list for PBXNativeTarget "GeofenceSetelUITests" */;
			buildPhases = (
				CBF7E36D48D6BF49F1441E8D /* [CP] Check Pods Manifest.lock */,
				388FFA44259641C400E3E644 /* Sources */,
				388FFA45259641C400E3E644 /* Frameworks */,
				388FFA46259641C400E3E644 /* Resources */,
				3E1947BE59F6AAD2361433DE /* [CP] Copy Pods Resources */,
			);
			buildRules = (
			);
			dependencies = (
				388FFA4A259641C400E3E644 /* PBXTargetDependency */,
			);
			name = GeofenceSetelUITests;
			productName = GeofenceSetelUITests;
			productReference = 388FFA48259641C400E3E644 /* GeofenceSetelUITests.xctest */;
			productType = "com.apple.product-type.bundle.ui-testing";
		};
/* End PBXNativeTarget section */

/* Begin PBXProject section */
		388FFA1F259641B900E3E644 /* Project object */ = {
			isa = PBXProject;
			attributes = {
				LastSwiftUpdateCheck = 1220;
				LastUpgradeCheck = 1220;
				TargetAttributes = {
					388FFA26259641B900E3E644 = {
						CreatedOnToolsVersion = 12.2;
					};
					388FFA3C259641C400E3E644 = {
						CreatedOnToolsVersion = 12.2;
						TestTargetID = 388FFA26259641B900E3E644;
					};
					388FFA47259641C400E3E644 = {
						CreatedOnToolsVersion = 12.2;
						TestTargetID = 388FFA26259641B900E3E644;
					};
				};
			};
			buildConfigurationList = 388FFA22259641B900E3E644 /* Build configuration list for PBXProject "GeofenceSetel" */;
			compatibilityVersion = "Xcode 9.3";
			developmentRegion = en;
			hasScannedForEncodings = 0;
			knownRegions = (
				en,
				Base,
			);
			mainGroup = 388FFA1E259641B900E3E644;
			productRefGroup = 388FFA28259641B900E3E644 /* Products */;
			projectDirPath = "";
			projectRoot = "";
			targets = (
				388FFA26259641B900E3E644 /* GeofenceSetel */,
				388FFA3C259641C400E3E644 /* GeofenceSetelTests */,
				388FFA47259641C400E3E644 /* GeofenceSetelUITests */,
			);
		};
/* End PBXProject section */

/* Begin PBXResourcesBuildPhase section */
		388FFA25259641B900E3E644 /* Resources */ = {
			isa = PBXResourcesBuildPhase;
			buildActionMask = 2147483647;
			files = (
				388FFA37259641C300E3E644 /* LaunchScreen.storyboard in Resources */,
				388FFA34259641C300E3E644 /* Assets.xcassets in Resources */,
				388FFA32259641B900E3E644 /* Main.storyboard in Resources */,
			);
			runOnlyForDeploymentPostprocessing = 0;
		};
		388FFA3B259641C400E3E644 /* Resources */ = {
			isa = PBXResourcesBuildPhase;
			buildActionMask = 2147483647;
			files = (
			);
			runOnlyForDeploymentPostprocessing = 0;
		};
		388FFA46259641C400E3E644 /* Resources */ = {
			isa = PBXResourcesBuildPhase;
			buildActionMask = 2147483647;
			files = (
			);
			runOnlyForDeploymentPostprocessing = 0;
		};
/* End PBXResourcesBuildPhase section */

/* Begin PBXShellScriptBuildPhase section */
		03E933769C651A1927428E48 /* [CP] Check Pods Manifest.lock */ = {
			isa = PBXShellScriptBuildPhase;
			buildActionMask = 2147483647;
			files = (
			);
			inputFileListPaths = (
			);
			inputPaths = (
				"${PODS_PODFILE_DIR_PATH}/Podfile.lock",
				"${PODS_ROOT}/Manifest.lock",
			);
			name = "[CP] Check Pods Manifest.lock";
			outputFileListPaths = (
			);
			outputPaths = (
				"$(DERIVED_FILE_DIR)/Pods-GeofenceSetel-checkManifestLockResult.txt",
			);
			runOnlyForDeploymentPostprocessing = 0;
			shellPath = /bin/sh;
			shellScript = "diff \"${PODS_PODFILE_DIR_PATH}/Podfile.lock\" \"${PODS_ROOT}/Manifest.lock\" > /dev/null\nif [ $? != 0 ] ; then\n    # print error to STDERR\n    echo \"error: The sandbox is not in sync with the Podfile.lock. Run 'pod install' or update your CocoaPods installation.\" >&2\n    exit 1\nfi\n# This output is used by Xcode 'outputs' to avoid re-running this script phase.\necho \"SUCCESS\" > \"${SCRIPT_OUTPUT_FILE_0}\"\n";
			showEnvVarsInLog = 0;
		};
		3E1947BE59F6AAD2361433DE /* [CP] Copy Pods Resources */ = {
			isa = PBXShellScriptBuildPhase;
			buildActionMask = 2147483647;
			files = (
			);
			inputFileListPaths = (
				"${PODS_ROOT}/Target Support Files/Pods-GeofenceSetel-GeofenceSetelUITests/Pods-GeofenceSetel-GeofenceSetelUITests-resources-${CONFIGURATION}-input-files.xcfilelist",
			);
			name = "[CP] Copy Pods Resources";
			outputFileListPaths = (
				"${PODS_ROOT}/Target Support Files/Pods-GeofenceSetel-GeofenceSetelUITests/Pods-GeofenceSetel-GeofenceSetelUITests-resources-${CONFIGURATION}-output-files.xcfilelist",
			);
			runOnlyForDeploymentPostprocessing = 0;
			shellPath = /bin/sh;
			shellScript = "\"${PODS_ROOT}/Target Support Files/Pods-GeofenceSetel-GeofenceSetelUITests/Pods-GeofenceSetel-GeofenceSetelUITests-resources.sh\"\n";
			showEnvVarsInLog = 0;
		};
		6C120DB94C74857B3A0EFA3E /* [CP] Check Pods Manifest.lock */ = {
			isa = PBXShellScriptBuildPhase;
			buildActionMask = 2147483647;
			files = (
			);
			inputFileListPaths = (
			);
			inputPaths = (
				"${PODS_PODFILE_DIR_PATH}/Podfile.lock",
				"${PODS_ROOT}/Manifest.lock",
			);
			name = "[CP] Check Pods Manifest.lock";
			outputFileListPaths = (
			);
			outputPaths = (
				"$(DERIVED_FILE_DIR)/Pods-GeofenceSetelTests-checkManifestLockResult.txt",
			);
			runOnlyForDeploymentPostprocessing = 0;
			shellPath = /bin/sh;
			shellScript = "diff \"${PODS_PODFILE_DIR_PATH}/Podfile.lock\" \"${PODS_ROOT}/Manifest.lock\" > /dev/null\nif [ $? != 0 ] ; then\n    # print error to STDERR\n    echo \"error: The sandbox is not in sync with the Podfile.lock. Run 'pod install' or update your CocoaPods installation.\" >&2\n    exit 1\nfi\n# This output is used by Xcode 'outputs' to avoid re-running this script phase.\necho \"SUCCESS\" > \"${SCRIPT_OUTPUT_FILE_0}\"\n";
			showEnvVarsInLog = 0;
		};
		B76CCB12F9FF6C315B2F2F9F /* [CP] Copy Pods Resources */ = {
			isa = PBXShellScriptBuildPhase;
			buildActionMask = 2147483647;
			files = (
			);
			inputFileListPaths = (
				"${PODS_ROOT}/Target Support Files/Pods-GeofenceSetel/Pods-GeofenceSetel-resources-${CONFIGURATION}-input-files.xcfilelist",
			);
			name = "[CP] Copy Pods Resources";
			outputFileListPaths = (
				"${PODS_ROOT}/Target Support Files/Pods-GeofenceSetel/Pods-GeofenceSetel-resources-${CONFIGURATION}-output-files.xcfilelist",
			);
			runOnlyForDeploymentPostprocessing = 0;
			shellPath = /bin/sh;
			shellScript = "\"${PODS_ROOT}/Target Support Files/Pods-GeofenceSetel/Pods-GeofenceSetel-resources.sh\"\n";
			showEnvVarsInLog = 0;
		};
		CBF7E36D48D6BF49F1441E8D /* [CP] Check Pods Manifest.lock */ = {
			isa = PBXShellScriptBuildPhase;
			buildActionMask = 2147483647;
			files = (
			);
			inputFileListPaths = (
			);
			inputPaths = (
				"${PODS_PODFILE_DIR_PATH}/Podfile.lock",
				"${PODS_ROOT}/Manifest.lock",
			);
			name = "[CP] Check Pods Manifest.lock";
			outputFileListPaths = (
			);
			outputPaths = (
				"$(DERIVED_FILE_DIR)/Pods-GeofenceSetel-GeofenceSetelUITests-checkManifestLockResult.txt",
			);
			runOnlyForDeploymentPostprocessing = 0;
			shellPath = /bin/sh;
			shellScript = "diff \"${PODS_PODFILE_DIR_PATH}/Podfile.lock\" \"${PODS_ROOT}/Manifest.lock\" > /dev/null\nif [ $? != 0 ] ; then\n    # print error to STDERR\n    echo \"error: The sandbox is not in sync with the Podfile.lock. Run 'pod install' or update your CocoaPods installation.\" >&2\n    exit 1\nfi\n# This output is used by Xcode 'outputs' to avoid re-running this script phase.\necho \"SUCCESS\" > \"${SCRIPT_OUTPUT_FILE_0}\"\n";
			showEnvVarsInLog = 0;
		};
/* End PBXShellScriptBuildPhase section */

/* Begin PBXSourcesBuildPhase section */
		388FFA23259641B900E3E644 /* Sources */ = {
			isa = PBXSourcesBuildPhase;
			buildActionMask = 2147483647;
			files = (
				388FFA9A259874E900E3E644 /* LocationManager.swift in Sources */,
				388FFA2F259641B900E3E644 /* ViewController.swift in Sources */,
				388FFA2B259641B900E3E644 /* AppDelegate.swift in Sources */,
				388FFA2D259641B900E3E644 /* SceneDelegate.swift in Sources */,
			);
			runOnlyForDeploymentPostprocessing = 0;
		};
		388FFA39259641C400E3E644 /* Sources */ = {
			isa = PBXSourcesBuildPhase;
			buildActionMask = 2147483647;
			files = (
				388FFA42259641C400E3E644 /* GeofenceSetelTests.swift in Sources */,
			);
			runOnlyForDeploymentPostprocessing = 0;
		};
		388FFA44259641C400E3E644 /* Sources */ = {
			isa = PBXSourcesBuildPhase;
			buildActionMask = 2147483647;
			files = (
				388FFA4D259641C400E3E644 /* GeofenceSetelUITests.swift in Sources */,
			);
			runOnlyForDeploymentPostprocessing = 0;
		};
/* End PBXSourcesBuildPhase section */

/* Begin PBXTargetDependency section */
		388FFA3F259641C400E3E644 /* PBXTargetDependency */ = {
			isa = PBXTargetDependency;
			target = 388FFA26259641B900E3E644 /* GeofenceSetel */;
			targetProxy = 388FFA3E259641C400E3E644 /* PBXContainerItemProxy */;
		};
		388FFA4A259641C400E3E644 /* PBXTargetDependency */ = {
			isa = PBXTargetDependency;
			target = 388FFA26259641B900E3E644 /* GeofenceSetel */;
			targetProxy = 388FFA49259641C400E3E644 /* PBXContainerItemProxy */;
		};
/* End PBXTargetDependency section */

/* Begin PBXVariantGroup section */
		388FFA30259641B900E3E644 /* Main.storyboard */ = {
			isa = PBXVariantGroup;
			children = (
				388FFA31259641B900E3E644 /* Base */,
			);
			name = Main.storyboard;
			sourceTree = "<group>";
		};
		388FFA35259641C300E3E644 /* LaunchScreen.storyboard */ = {
			isa = PBXVariantGroup;
			children = (
				388FFA36259641C300E3E644 /* Base */,
			);
			name = LaunchScreen.storyboard;
			sourceTree = "<group>";
		};
/* End PBXVariantGroup section */

/* Begin XCBuildConfiguration section */
		388FFA4F259641C400E3E644 /* Debug */ = {
			isa = XCBuildConfiguration;
			buildSettings = {
				ALWAYS_SEARCH_USER_PATHS = NO;
				CLANG_ANALYZER_NONNULL = YES;
				CLANG_ANALYZER_NUMBER_OBJECT_CONVERSION = YES_AGGRESSIVE;
				CLANG_CXX_LANGUAGE_STANDARD = "gnu++14";
				CLANG_CXX_LIBRARY = "libc++";
				CLANG_ENABLE_MODULES = YES;
				CLANG_ENABLE_OBJC_ARC = YES;
				CLANG_ENABLE_OBJC_WEAK = YES;
				CLANG_WARN_BLOCK_CAPTURE_AUTORELEASING = YES;
				CLANG_WARN_BOOL_CONVERSION = YES;
				CLANG_WARN_COMMA = YES;
				CLANG_WARN_CONSTANT_CONVERSION = YES;
				CLANG_WARN_DEPRECATED_OBJC_IMPLEMENTATIONS = YES;
				CLANG_WARN_DIRECT_OBJC_ISA_USAGE = YES_ERROR;
				CLANG_WARN_DOCUMENTATION_COMMENTS = YES;
				CLANG_WARN_EMPTY_BODY = YES;
				CLANG_WARN_ENUM_CONVERSION = YES;
				CLANG_WARN_INFINITE_RECURSION = YES;
				CLANG_WARN_INT_CONVERSION = YES;
				CLANG_WARN_NON_LITERAL_NULL_CONVERSION = YES;
				CLANG_WARN_OBJC_IMPLICIT_RETAIN_SELF = YES;
				CLANG_WARN_OBJC_LITERAL_CONVERSION = YES;
				CLANG_WARN_OBJC_ROOT_CLASS = YES_ERROR;
				CLANG_WARN_QUOTED_INCLUDE_IN_FRAMEWORK_HEADER = YES;
				CLANG_WARN_RANGE_LOOP_ANALYSIS = YES;
				CLANG_WARN_STRICT_PROTOTYPES = YES;
				CLANG_WARN_SUSPICIOUS_MOVE = YES;
				CLANG_WARN_UNGUARDED_AVAILABILITY = YES_AGGRESSIVE;
				CLANG_WARN_UNREACHABLE_CODE = YES;
				CLANG_WARN__DUPLICATE_METHOD_MATCH = YES;
				COPY_PHASE_STRIP = NO;
				DEBUG_INFORMATION_FORMAT = dwarf;
				ENABLE_STRICT_OBJC_MSGSEND = YES;
				ENABLE_TESTABILITY = YES;
				GCC_C_LANGUAGE_STANDARD = gnu11;
				GCC_DYNAMIC_NO_PIC = NO;
				GCC_NO_COMMON_BLOCKS = YES;
				GCC_OPTIMIZATION_LEVEL = 0;
				GCC_PREPROCESSOR_DEFINITIONS = (
					"DEBUG=1",
					"$(inherited)",
				);
				GCC_WARN_64_TO_32_BIT_CONVERSION = YES;
				GCC_WARN_ABOUT_RETURN_TYPE = YES_ERROR;
				GCC_WARN_UNDECLARED_SELECTOR = YES;
				GCC_WARN_UNINITIALIZED_AUTOS = YES_AGGRESSIVE;
				GCC_WARN_UNUSED_FUNCTION = YES;
				GCC_WARN_UNUSED_VARIABLE = YES;
				IPHONEOS_DEPLOYMENT_TARGET = 13.0;
				MTL_ENABLE_DEBUG_INFO = INCLUDE_SOURCE;
				MTL_FAST_MATH = YES;
				ONLY_ACTIVE_ARCH = YES;
				SDKROOT = iphoneos;
				SWIFT_ACTIVE_COMPILATION_CONDITIONS = DEBUG;
				SWIFT_OPTIMIZATION_LEVEL = "-Onone";
			};
			name = Debug;
		};
		388FFA50259641C400E3E644 /* Release */ = {
			isa = XCBuildConfiguration;
			buildSettings = {
				ALWAYS_SEARCH_USER_PATHS = NO;
				CLANG_ANALYZER_NONNULL = YES;
				CLANG_ANALYZER_NUMBER_OBJECT_CONVERSION = YES_AGGRESSIVE;
				CLANG_CXX_LANGUAGE_STANDARD = "gnu++14";
				CLANG_CXX_LIBRARY = "libc++";
				CLANG_ENABLE_MODULES = YES;
				CLANG_ENABLE_OBJC_ARC = YES;
				CLANG_ENABLE_OBJC_WEAK = YES;
				CLANG_WARN_BLOCK_CAPTURE_AUTORELEASING = YES;
				CLANG_WARN_BOOL_CONVERSION = YES;
				CLANG_WARN_COMMA = YES;
				CLANG_WARN_CONSTANT_CONVERSION = YES;
				CLANG_WARN_DEPRECATED_OBJC_IMPLEMENTATIONS = YES;
				CLANG_WARN_DIRECT_OBJC_ISA_USAGE = YES_ERROR;
				CLANG_WARN_DOCUMENTATION_COMMENTS = YES;
				CLANG_WARN_EMPTY_BODY = YES;
				CLANG_WARN_ENUM_CONVERSION = YES;
				CLANG_WARN_INFINITE_RECURSION = YES;
				CLANG_WARN_INT_CONVERSION = YES;
				CLANG_WARN_NON_LITERAL_NULL_CONVERSION = YES;
				CLANG_WARN_OBJC_IMPLICIT_RETAIN_SELF = YES;
				CLANG_WARN_OBJC_LITERAL_CONVERSION = YES;
				CLANG_WARN_OBJC_ROOT_CLASS = YES_ERROR;
				CLANG_WARN_QUOTED_INCLUDE_IN_FRAMEWORK_HEADER = YES;
				CLANG_WARN_RANGE_LOOP_ANALYSIS = YES;
				CLANG_WARN_STRICT_PROTOTYPES = YES;
				CLANG_WARN_SUSPICIOUS_MOVE = YES;
				CLANG_WARN_UNGUARDED_AVAILABILITY = YES_AGGRESSIVE;
				CLANG_WARN_UNREACHABLE_CODE = YES;
				CLANG_WARN__DUPLICATE_METHOD_MATCH = YES;
				COPY_PHASE_STRIP = NO;
				DEBUG_INFORMATION_FORMAT = "dwarf-with-dsym";
				ENABLE_NS_ASSERTIONS = NO;
				ENABLE_STRICT_OBJC_MSGSEND = YES;
				GCC_C_LANGUAGE_STANDARD = gnu11;
				GCC_NO_COMMON_BLOCKS = YES;
				GCC_WARN_64_TO_32_BIT_CONVERSION = YES;
				GCC_WARN_ABOUT_RETURN_TYPE = YES_ERROR;
				GCC_WARN_UNDECLARED_SELECTOR = YES;
				GCC_WARN_UNINITIALIZED_AUTOS = YES_AGGRESSIVE;
				GCC_WARN_UNUSED_FUNCTION = YES;
				GCC_WARN_UNUSED_VARIABLE = YES;
				IPHONEOS_DEPLOYMENT_TARGET = 13.0;
				MTL_ENABLE_DEBUG_INFO = NO;
				MTL_FAST_MATH = YES;
				SDKROOT = iphoneos;
				SWIFT_COMPILATION_MODE = wholemodule;
				SWIFT_OPTIMIZATION_LEVEL = "-O";
				VALIDATE_PRODUCT = YES;
			};
			name = Release;
		};
		388FFA52259641C400E3E644 /* Debug */ = {
			isa = XCBuildConfiguration;
			baseConfigurationReference = B79872BFE1B3B3974645B06C /* Pods-GeofenceSetel.debug.xcconfig */;
			buildSettings = {
				ASSETCATALOG_COMPILER_APPICON_NAME = AppIcon;
				ASSETCATALOG_COMPILER_GLOBAL_ACCENT_COLOR_NAME = AccentColor;
				CODE_SIGN_STYLE = Automatic;
				DEVELOPMENT_TEAM = Y6UT6A87VB;
				INFOPLIST_FILE = GeofenceSetel/Info.plist;
				LD_RUNPATH_SEARCH_PATHS = (
					"$(inherited)",
					"@executable_path/Frameworks",
				);
				PRODUCT_BUNDLE_IDENTIFIER = com.zharif20.GeofenceSetel;
				PRODUCT_NAME = "$(TARGET_NAME)";
				SWIFT_VERSION = 5.0;
				TARGETED_DEVICE_FAMILY = "1,2";
			};
			name = Debug;
		};
		388FFA53259641C400E3E644 /* Release */ = {
			isa = XCBuildConfiguration;
			baseConfigurationReference = C512A258C3EE8F3762AD0B4D /* Pods-GeofenceSetel.release.xcconfig */;
			buildSettings = {
				ASSETCATALOG_COMPILER_APPICON_NAME = AppIcon;
				ASSETCATALOG_COMPILER_GLOBAL_ACCENT_COLOR_NAME = AccentColor;
				CODE_SIGN_STYLE = Automatic;
				DEVELOPMENT_TEAM = Y6UT6A87VB;
				INFOPLIST_FILE = GeofenceSetel/Info.plist;
				LD_RUNPATH_SEARCH_PATHS = (
					"$(inherited)",
					"@executable_path/Frameworks",
				);
				PRODUCT_BUNDLE_IDENTIFIER = com.zharif20.GeofenceSetel;
				PRODUCT_NAME = "$(TARGET_NAME)";
				SWIFT_VERSION = 5.0;
				TARGETED_DEVICE_FAMILY = "1,2";
			};
			name = Release;
		};
		388FFA55259641C400E3E644 /* Debug */ = {
			isa = XCBuildConfiguration;
			baseConfigurationReference = 23E7FFA6CE64FE0F705159EB /* Pods-GeofenceSetelTests.debug.xcconfig */;
			buildSettings = {
				ALWAYS_EMBED_SWIFT_STANDARD_LIBRARIES = YES;
				BUNDLE_LOADER = "$(TEST_HOST)";
				CODE_SIGN_STYLE = Automatic;
				DEVELOPMENT_TEAM = Y6UT6A87VB;
				INFOPLIST_FILE = GeofenceSetelTests/Info.plist;
				IPHONEOS_DEPLOYMENT_TARGET = 14.2;
				LD_RUNPATH_SEARCH_PATHS = (
					"$(inherited)",
					"@executable_path/Frameworks",
					"@loader_path/Frameworks",
				);
				PRODUCT_BUNDLE_IDENTIFIER = com.zharif20.GeofenceSetelTests;
				PRODUCT_NAME = "$(TARGET_NAME)";
				SWIFT_VERSION = 5.0;
				TARGETED_DEVICE_FAMILY = "1,2";
				TEST_HOST = "$(BUILT_PRODUCTS_DIR)/GeofenceSetel.app/GeofenceSetel";
			};
			name = Debug;
		};
		388FFA56259641C400E3E644 /* Release */ = {
			isa = XCBuildConfiguration;
			baseConfigurationReference = DD33348091D0E82FB10A0032 /* Pods-GeofenceSetelTests.release.xcconfig */;
			buildSettings = {
				ALWAYS_EMBED_SWIFT_STANDARD_LIBRARIES = YES;
				BUNDLE_LOADER = "$(TEST_HOST)";
				CODE_SIGN_STYLE = Automatic;
				DEVELOPMENT_TEAM = Y6UT6A87VB;
				INFOPLIST_FILE = GeofenceSetelTests/Info.plist;
				IPHONEOS_DEPLOYMENT_TARGET = 14.2;
				LD_RUNPATH_SEARCH_PATHS = (
					"$(inherited)",
					"@executable_path/Frameworks",
					"@loader_path/Frameworks",
				);
				PRODUCT_BUNDLE_IDENTIFIER = com.zharif20.GeofenceSetelTests;
				PRODUCT_NAME = "$(TARGET_NAME)";
				SWIFT_VERSION = 5.0;
				TARGETED_DEVICE_FAMILY = "1,2";
				TEST_HOST = "$(BUILT_PRODUCTS_DIR)/GeofenceSetel.app/GeofenceSetel";
			};
			name = Release;
		};
		388FFA58259641C400E3E644 /* Debug */ = {
			isa = XCBuildConfiguration;
			baseConfigurationReference = 38F99C5B33B48178B26DDE3C /* Pods-GeofenceSetel-GeofenceSetelUITests.debug.xcconfig */;
			buildSettings = {
				ALWAYS_EMBED_SWIFT_STANDARD_LIBRARIES = YES;
				CODE_SIGN_STYLE = Automatic;
				DEVELOPMENT_TEAM = Y6UT6A87VB;
				INFOPLIST_FILE = GeofenceSetelUITests/Info.plist;
				LD_RUNPATH_SEARCH_PATHS = (
					"$(inherited)",
					"@executable_path/Frameworks",
					"@loader_path/Frameworks",
				);
				PRODUCT_BUNDLE_IDENTIFIER = com.zharif20.GeofenceSetelUITests;
				PRODUCT_NAME = "$(TARGET_NAME)";
				SWIFT_VERSION = 5.0;
				TARGETED_DEVICE_FAMILY = "1,2";
				TEST_TARGET_NAME = GeofenceSetel;
			};
			name = Debug;
		};
		388FFA59259641C400E3E644 /* Release */ = {
			isa = XCBuildConfiguration;
			baseConfigurationReference = 47F3B9BEFFC91AC4B53C097B /* Pods-GeofenceSetel-GeofenceSetelUITests.release.xcconfig */;
			buildSettings = {
				ALWAYS_EMBED_SWIFT_STANDARD_LIBRARIES = YES;
				CODE_SIGN_STYLE = Automatic;
				DEVELOPMENT_TEAM = Y6UT6A87VB;
				INFOPLIST_FILE = GeofenceSetelUITests/Info.plist;
				LD_RUNPATH_SEARCH_PATHS = (
					"$(inherited)",
					"@executable_path/Frameworks",
					"@loader_path/Frameworks",
				);
				PRODUCT_BUNDLE_IDENTIFIER = com.zharif20.GeofenceSetelUITests;
				PRODUCT_NAME = "$(TARGET_NAME)";
				SWIFT_VERSION = 5.0;
				TARGETED_DEVICE_FAMILY = "1,2";
				TEST_TARGET_NAME = GeofenceSetel;
			};
			name = Release;
		};
/* End XCBuildConfiguration section */

/* Begin XCConfigurationList section */
		388FFA22259641B900E3E644 /* Build configuration list for PBXProject "GeofenceSetel" */ = {
			isa = XCConfigurationList;
			buildConfigurations = (
				388FFA4F259641C400E3E644 /* Debug */,
				388FFA50259641C400E3E644 /* Release */,
			);
			defaultConfigurationIsVisible = 0;
			defaultConfigurationName = Release;
		};
		388FFA51259641C400E3E644 /* Build configuration list for PBXNativeTarget "GeofenceSetel" */ = {
			isa = XCConfigurationList;
			buildConfigurations = (
				388FFA52259641C400E3E644 /* Debug */,
				388FFA53259641C400E3E644 /* Release */,
			);
			defaultConfigurationIsVisible = 0;
			defaultConfigurationName = Release;
		};
		388FFA54259641C400E3E644 /* Build configuration list for PBXNativeTarget "GeofenceSetelTests" */ = {
			isa = XCConfigurationList;
			buildConfigurations = (
				388FFA55259641C400E3E644 /* Debug */,
				388FFA56259641C400E3E644 /* Release */,
			);
			defaultConfigurationIsVisible = 0;
			defaultConfigurationName = Release;
		};
		388FFA57259641C400E3E644 /* Build configuration list for PBXNativeTarget "GeofenceSetelUITests" */ = {
			isa = XCConfigurationList;
			buildConfigurations = (
				388FFA58259641C400E3E644 /* Debug */,
				388FFA59259641C400E3E644 /* Release */,
			);
			defaultConfigurationIsVisible = 0;
			defaultConfigurationName = Release;
		};
/* End XCConfigurationList section */
	};
	rootObject = 388FFA1F259641B900E3E644 /* Project object */;
}
